// !$*UTF8*$!
{
	archiveVersion = 1;
	classes = {
	};
	objectVersion = 51;
	objects = {

/* Begin PBXBuildFile section */
		C3044897256EE26200176E29 /* DatePickerViewController.swift in Sources */ = {isa = PBXBuildFile; fileRef = C3044896256EE26200176E29 /* DatePickerViewController.swift */; };
		C304489B256EF85B00176E29 /* env.swift in Sources */ = {isa = PBXBuildFile; fileRef = C304489A256EF85B00176E29 /* env.swift */; };
		C31298F9255CDC9C00B1F246 /* DashboardViewController.swift in Sources */ = {isa = PBXBuildFile; fileRef = C31298F8255CDC9C00B1F246 /* DashboardViewController.swift */; };
		C32207B6278D23D6006FB08C /* Feed.storyboard in Resources */ = {isa = PBXBuildFile; fileRef = C32207B5278D23D6006FB08C /* Feed.storyboard */; };
		C32207BB278D2542006FB08C /* FeedSessionViewController.swift in Sources */ = {isa = PBXBuildFile; fileRef = C32207BA278D2542006FB08C /* FeedSessionViewController.swift */; };
		C32B309B256065D8000C9A46 /* DataModel.xcdatamodeld in Sources */ = {isa = PBXBuildFile; fileRef = C32B3099256065D8000C9A46 /* DataModel.xcdatamodeld */; };
		C338BF7F290B53AE002AE807 /* FeedDataManager.swift in Sources */ = {isa = PBXBuildFile; fileRef = C338BF7E290B53AE002AE807 /* FeedDataManager.swift */; };
		C338BF81290B5C90002AE807 /* FeedData.swift in Sources */ = {isa = PBXBuildFile; fileRef = C338BF80290B5C90002AE807 /* FeedData.swift */; };
		C338BF83290BA248002AE807 /* SettingsToggleTableViewCell.swift in Sources */ = {isa = PBXBuildFile; fileRef = C338BF82290BA248002AE807 /* SettingsToggleTableViewCell.swift */; };
		C338BF85290BA4F0002AE807 /* SettingsTableViewCell.swift in Sources */ = {isa = PBXBuildFile; fileRef = C338BF84290BA4F0002AE807 /* SettingsTableViewCell.swift */; };
		C338BF87290C5D79002AE807 /* PenOrderTableViewController.swift in Sources */ = {isa = PBXBuildFile; fileRef = C338BF86290C5D79002AE807 /* PenOrderTableViewController.swift */; };
		C338BF89290CDA68002AE807 /* PenOrderViewController.swift in Sources */ = {isa = PBXBuildFile; fileRef = C338BF88290CDA68002AE807 /* PenOrderViewController.swift */; };
		C348A31C267AD08300CE0990 /* TransferDataManager.swift in Sources */ = {isa = PBXBuildFile; fileRef = C348A31B267AD08300CE0990 /* TransferDataManager.swift */; };
		C352CF0C257C6A7C000839E1 /* LineChartView+Formats.swift in Sources */ = {isa = PBXBuildFile; fileRef = C352CF0B257C6A7C000839E1 /* LineChartView+Formats.swift */; };
		C3559BD9266F1205002F21A3 /* SettingsViewController.swift in Sources */ = {isa = PBXBuildFile; fileRef = C3559BD8266F1205002F21A3 /* SettingsViewController.swift */; };
		C3736BBB28B17280000B34F2 /* FeedInputViewController.swift in Sources */ = {isa = PBXBuildFile; fileRef = C3736BBA28B17280000B34F2 /* FeedInputViewController.swift */; };
		C37614E12909FC4200FBA272 /* FeedInputTableViewCell.swift in Sources */ = {isa = PBXBuildFile; fileRef = C37614E02909FC4200FBA272 /* FeedInputTableViewCell.swift */; };
		C38AF1342679841F00DFBA6E /* TransferSelectorViewController.swift in Sources */ = {isa = PBXBuildFile; fileRef = C38AF1332679841F00DFBA6E /* TransferSelectorViewController.swift */; };
		C3A2BD792560E3310084E66A /* PickupSessionViewController.swift in Sources */ = {isa = PBXBuildFile; fileRef = C3A2BD782560E3310084E66A /* PickupSessionViewController.swift */; };
		C3A5BF9A2557BC8B0085D440 /* ContentsCell.swift in Sources */ = {isa = PBXBuildFile; fileRef = C3A5BF992557BC8B0085D440 /* ContentsCell.swift */; };
		C3B0591226938B6700832590 /* TransferData.swift in Sources */ = {isa = PBXBuildFile; fileRef = C3B0591126938B6700832590 /* TransferData.swift */; };
		C3B059142693914B00832590 /* DateFormatter.swift in Sources */ = {isa = PBXBuildFile; fileRef = C3B059132693914B00832590 /* DateFormatter.swift */; };
		C3B05938269549A600832590 /* LodingAlert.swift in Sources */ = {isa = PBXBuildFile; fileRef = C3B05937269549A600832590 /* LodingAlert.swift */; };
		C3BE0EF625577D61006A8FE1 /* AppDelegate.swift in Sources */ = {isa = PBXBuildFile; fileRef = C3BE0EF525577D61006A8FE1 /* AppDelegate.swift */; };
		C3BE0EF825577D61006A8FE1 /* SceneDelegate.swift in Sources */ = {isa = PBXBuildFile; fileRef = C3BE0EF725577D61006A8FE1 /* SceneDelegate.swift */; };
		C3BE0EFA25577D61006A8FE1 /* ViewController.swift in Sources */ = {isa = PBXBuildFile; fileRef = C3BE0EF925577D61006A8FE1 /* ViewController.swift */; };
		C3BE0EFD25577D61006A8FE1 /* Main.storyboard in Resources */ = {isa = PBXBuildFile; fileRef = C3BE0EFB25577D61006A8FE1 /* Main.storyboard */; };
		C3BE0EFF25577D61006A8FE1 /* Assets.xcassets in Resources */ = {isa = PBXBuildFile; fileRef = C3BE0EFE25577D61006A8FE1 /* Assets.xcassets */; };
		C3BE0F0225577D61006A8FE1 /* LaunchScreen.storyboard in Resources */ = {isa = PBXBuildFile; fileRef = C3BE0F0025577D61006A8FE1 /* LaunchScreen.storyboard */; };
		C3BE0F35255780B4006A8FE1 /* nestCell.swift in Sources */ = {isa = PBXBuildFile; fileRef = C3BE0F34255780B4006A8FE1 /* nestCell.swift */; };
		C3BE0F3D2557836A006A8FE1 /* PickupPenViewController.swift in Sources */ = {isa = PBXBuildFile; fileRef = C3BE0F3C2557836A006A8FE1 /* PickupPenViewController.swift */; };
		C3BE0F42255787B6006A8FE1 /* Constants.swift in Sources */ = {isa = PBXBuildFile; fileRef = C3BE0F41255787B6006A8FE1 /* Constants.swift */; };
		C3BE0F5025579338006A8FE1 /* SelectionViewController.swift in Sources */ = {isa = PBXBuildFile; fileRef = C3BE0F4F25579338006A8FE1 /* SelectionViewController.swift */; };
		C3C2123F257B5A2400EBAFE6 /* CullCollectionViewCell.swift in Sources */ = {isa = PBXBuildFile; fileRef = C3C2123E257B5A2400EBAFE6 /* CullCollectionViewCell.swift */; };
		C3E6563A255A61CC0066E36C /* PenPopupViewController.swift in Sources */ = {isa = PBXBuildFile; fileRef = C3E65639255A61CC0066E36C /* PenPopupViewController.swift */; };
		C3E6563D255A648A0066E36C /* PenListCell.swift in Sources */ = {isa = PBXBuildFile; fileRef = C3E6563C255A648A0066E36C /* PenListCell.swift */; };
		C3E8D5AA2563A3FF00440448 /* PigeonDataManager.swift in Sources */ = {isa = PBXBuildFile; fileRef = C3E8D5A92563A3FF00440448 /* PigeonDataManager.swift */; };
		C3E8D5AD2563A9B600440448 /* PigeonData.swift in Sources */ = {isa = PBXBuildFile; fileRef = C3E8D5AC2563A9B600440448 /* PigeonData.swift */; };
		C3E8D5B92565FD0500440448 /* PickupSettingsViewController.swift in Sources */ = {isa = PBXBuildFile; fileRef = C3E8D5B82565FD0500440448 /* PickupSettingsViewController.swift */; };
		C3EB8E34257AB520009D7B24 /* UIButton+Shadow.swift in Sources */ = {isa = PBXBuildFile; fileRef = C3EB8E33257AB520009D7B24 /* UIButton+Shadow.swift */; };
		C3EB8E38257AE3A5009D7B24 /* UIView+Shadow+Radius.swift in Sources */ = {isa = PBXBuildFile; fileRef = C3EB8E37257AE3A5009D7B24 /* UIView+Shadow+Radius.swift */; };
		C3EB8E3E257AEE38009D7B24 /* CullCollectionViewController.swift in Sources */ = {isa = PBXBuildFile; fileRef = C3EB8E3D257AEE38009D7B24 /* CullCollectionViewController.swift */; };
		C3F18A7A2682C9B0003FDCD2 /* TransferCollectionViewCell.swift in Sources */ = {isa = PBXBuildFile; fileRef = C3F18A782682C9B0003FDCD2 /* TransferCollectionViewCell.swift */; };
		C3F18A7B2682C9B0003FDCD2 /* TransferCollectionViewCell.xib in Resources */ = {isa = PBXBuildFile; fileRef = C3F18A792682C9B0003FDCD2 /* TransferCollectionViewCell.xib */; };
		C3F18A7D2682DC4E003FDCD2 /* TransferHistoryViewController.swift in Sources */ = {isa = PBXBuildFile; fileRef = C3F18A7C2682DC4E003FDCD2 /* TransferHistoryViewController.swift */; };
		C3F4DB9F2578B5ED00084F73 /* MoveViewController.swift in Sources */ = {isa = PBXBuildFile; fileRef = C3F4DB9E2578B5ED00084F73 /* MoveViewController.swift */; };
		C3F4DBA22578B5FA00084F73 /* CullViewController.swift in Sources */ = {isa = PBXBuildFile; fileRef = C3F4DBA12578B5FA00084F73 /* CullViewController.swift */; };
		C3F4DBA825795E6300084F73 /* MoveCullTableViewController.swift in Sources */ = {isa = PBXBuildFile; fileRef = C3F4DBA725795E6300084F73 /* MoveCullTableViewController.swift */; };
		C3F8091C268C10400035EB67 /* TransferViewController.swift in Sources */ = {isa = PBXBuildFile; fileRef = C3F8091B268C10400035EB67 /* TransferViewController.swift */; };
		D422A58363482BD123A101D1 /* Pods_Squab_Pickup_Tracker.framework in Frameworks */ = {isa = PBXBuildFile; fileRef = F7B48BA7F5E79AE3F439B89D /* Pods_Squab_Pickup_Tracker.framework */; };
/* End PBXBuildFile section */

/* Begin PBXFileReference section */
		57EDDA76CCC4E22241D2EDAE /* Pods-Squab-Pickup-Tracker.debug.xcconfig */ = {isa = PBXFileReference; includeInIndex = 1; lastKnownFileType = text.xcconfig; name = "Pods-Squab-Pickup-Tracker.debug.xcconfig"; path = "Target Support Files/Pods-Squab-Pickup-Tracker/Pods-Squab-Pickup-Tracker.debug.xcconfig"; sourceTree = "<group>"; };
		8ADFCED0502E15131B7B0AE5 /* Pods-Squab-Pickup-Tracker.release.xcconfig */ = {isa = PBXFileReference; includeInIndex = 1; lastKnownFileType = text.xcconfig; name = "Pods-Squab-Pickup-Tracker.release.xcconfig"; path = "Target Support Files/Pods-Squab-Pickup-Tracker/Pods-Squab-Pickup-Tracker.release.xcconfig"; sourceTree = "<group>"; };
		C3044896256EE26200176E29 /* DatePickerViewController.swift */ = {isa = PBXFileReference; lastKnownFileType = sourcecode.swift; path = DatePickerViewController.swift; sourceTree = "<group>"; };
		C304489A256EF85B00176E29 /* env.swift */ = {isa = PBXFileReference; lastKnownFileType = sourcecode.swift; path = env.swift; sourceTree = "<group>"; };
		C31298F8255CDC9C00B1F246 /* DashboardViewController.swift */ = {isa = PBXFileReference; lastKnownFileType = sourcecode.swift; path = DashboardViewController.swift; sourceTree = "<group>"; };
		C32207B5278D23D6006FB08C /* Feed.storyboard */ = {isa = PBXFileReference; lastKnownFileType = file.storyboard; path = Feed.storyboard; sourceTree = "<group>"; };
		C32207BA278D2542006FB08C /* FeedSessionViewController.swift */ = {isa = PBXFileReference; lastKnownFileType = sourcecode.swift; path = FeedSessionViewController.swift; sourceTree = "<group>"; };
		C32B309A256065D8000C9A46 /* Data.xcdatamodel */ = {isa = PBXFileReference; lastKnownFileType = wrapper.xcdatamodel; path = Data.xcdatamodel; sourceTree = "<group>"; };
		C338BF7E290B53AE002AE807 /* FeedDataManager.swift */ = {isa = PBXFileReference; lastKnownFileType = sourcecode.swift; path = FeedDataManager.swift; sourceTree = "<group>"; };
		C338BF80290B5C90002AE807 /* FeedData.swift */ = {isa = PBXFileReference; lastKnownFileType = sourcecode.swift; path = FeedData.swift; sourceTree = "<group>"; };
		C338BF82290BA248002AE807 /* SettingsToggleTableViewCell.swift */ = {isa = PBXFileReference; lastKnownFileType = sourcecode.swift; path = SettingsToggleTableViewCell.swift; sourceTree = "<group>"; };
		C338BF84290BA4F0002AE807 /* SettingsTableViewCell.swift */ = {isa = PBXFileReference; lastKnownFileType = sourcecode.swift; path = SettingsTableViewCell.swift; sourceTree = "<group>"; };
		C338BF86290C5D79002AE807 /* PenOrderTableViewController.swift */ = {isa = PBXFileReference; lastKnownFileType = sourcecode.swift; path = PenOrderTableViewController.swift; sourceTree = "<group>"; };
		C338BF88290CDA68002AE807 /* PenOrderViewController.swift */ = {isa = PBXFileReference; lastKnownFileType = sourcecode.swift; path = PenOrderViewController.swift; sourceTree = "<group>"; };
		C348A31B267AD08300CE0990 /* TransferDataManager.swift */ = {isa = PBXFileReference; lastKnownFileType = sourcecode.swift; path = TransferDataManager.swift; sourceTree = "<group>"; };
		C352CF0B257C6A7C000839E1 /* LineChartView+Formats.swift */ = {isa = PBXFileReference; lastKnownFileType = sourcecode.swift; path = "LineChartView+Formats.swift"; sourceTree = "<group>"; };
		C3559BD8266F1205002F21A3 /* SettingsViewController.swift */ = {isa = PBXFileReference; lastKnownFileType = sourcecode.swift; path = SettingsViewController.swift; sourceTree = "<group>"; };
		C3736BBA28B17280000B34F2 /* FeedInputViewController.swift */ = {isa = PBXFileReference; lastKnownFileType = sourcecode.swift; path = FeedInputViewController.swift; sourceTree = "<group>"; };
		C37614E02909FC4200FBA272 /* FeedInputTableViewCell.swift */ = {isa = PBXFileReference; lastKnownFileType = sourcecode.swift; path = FeedInputTableViewCell.swift; sourceTree = "<group>"; };
		C38AF1332679841F00DFBA6E /* TransferSelectorViewController.swift */ = {isa = PBXFileReference; lastKnownFileType = sourcecode.swift; path = TransferSelectorViewController.swift; sourceTree = "<group>"; };
		C3A2BD782560E3310084E66A /* PickupSessionViewController.swift */ = {isa = PBXFileReference; lastKnownFileType = sourcecode.swift; path = PickupSessionViewController.swift; sourceTree = "<group>"; };
		C3A5BF992557BC8B0085D440 /* ContentsCell.swift */ = {isa = PBXFileReference; lastKnownFileType = sourcecode.swift; path = ContentsCell.swift; sourceTree = "<group>"; };
		C3B0591126938B6700832590 /* TransferData.swift */ = {isa = PBXFileReference; lastKnownFileType = sourcecode.swift; path = TransferData.swift; sourceTree = "<group>"; };
		C3B059132693914B00832590 /* DateFormatter.swift */ = {isa = PBXFileReference; lastKnownFileType = sourcecode.swift; path = DateFormatter.swift; sourceTree = "<group>"; };
		C3B05937269549A600832590 /* LodingAlert.swift */ = {isa = PBXFileReference; lastKnownFileType = sourcecode.swift; path = LodingAlert.swift; sourceTree = "<group>"; };
		C3BE0EF225577D61006A8FE1 /* Squab-Pickup-Tracker.app */ = {isa = PBXFileReference; explicitFileType = wrapper.application; includeInIndex = 0; path = "Squab-Pickup-Tracker.app"; sourceTree = BUILT_PRODUCTS_DIR; };
		C3BE0EF525577D61006A8FE1 /* AppDelegate.swift */ = {isa = PBXFileReference; lastKnownFileType = sourcecode.swift; path = AppDelegate.swift; sourceTree = "<group>"; };
		C3BE0EF725577D61006A8FE1 /* SceneDelegate.swift */ = {isa = PBXFileReference; lastKnownFileType = sourcecode.swift; path = SceneDelegate.swift; sourceTree = "<group>"; };
		C3BE0EF925577D61006A8FE1 /* ViewController.swift */ = {isa = PBXFileReference; lastKnownFileType = sourcecode.swift; path = ViewController.swift; sourceTree = "<group>"; };
		C3BE0EFC25577D61006A8FE1 /* Base */ = {isa = PBXFileReference; lastKnownFileType = file.storyboard; name = Base; path = Base.lproj/Main.storyboard; sourceTree = "<group>"; };
		C3BE0EFE25577D61006A8FE1 /* Assets.xcassets */ = {isa = PBXFileReference; lastKnownFileType = folder.assetcatalog; path = Assets.xcassets; sourceTree = "<group>"; };
		C3BE0F0125577D61006A8FE1 /* Base */ = {isa = PBXFileReference; lastKnownFileType = file.storyboard; name = Base; path = Base.lproj/LaunchScreen.storyboard; sourceTree = "<group>"; };
		C3BE0F0325577D61006A8FE1 /* Info.plist */ = {isa = PBXFileReference; lastKnownFileType = text.plist.xml; path = Info.plist; sourceTree = "<group>"; };
		C3BE0F34255780B4006A8FE1 /* nestCell.swift */ = {isa = PBXFileReference; lastKnownFileType = sourcecode.swift; path = nestCell.swift; sourceTree = "<group>"; };
		C3BE0F3C2557836A006A8FE1 /* PickupPenViewController.swift */ = {isa = PBXFileReference; lastKnownFileType = sourcecode.swift; path = PickupPenViewController.swift; sourceTree = "<group>"; };
		C3BE0F41255787B6006A8FE1 /* Constants.swift */ = {isa = PBXFileReference; lastKnownFileType = sourcecode.swift; path = Constants.swift; sourceTree = "<group>"; };
		C3BE0F4F25579338006A8FE1 /* SelectionViewController.swift */ = {isa = PBXFileReference; lastKnownFileType = sourcecode.swift; path = SelectionViewController.swift; sourceTree = "<group>"; };
		C3C2123E257B5A2400EBAFE6 /* CullCollectionViewCell.swift */ = {isa = PBXFileReference; lastKnownFileType = sourcecode.swift; path = CullCollectionViewCell.swift; sourceTree = "<group>"; };
		C3E65639255A61CC0066E36C /* PenPopupViewController.swift */ = {isa = PBXFileReference; lastKnownFileType = sourcecode.swift; path = PenPopupViewController.swift; sourceTree = "<group>"; };
		C3E6563C255A648A0066E36C /* PenListCell.swift */ = {isa = PBXFileReference; lastKnownFileType = sourcecode.swift; path = PenListCell.swift; sourceTree = "<group>"; };
		C3E8D5A92563A3FF00440448 /* PigeonDataManager.swift */ = {isa = PBXFileReference; lastKnownFileType = sourcecode.swift; path = PigeonDataManager.swift; sourceTree = "<group>"; };
		C3E8D5AC2563A9B600440448 /* PigeonData.swift */ = {isa = PBXFileReference; lastKnownFileType = sourcecode.swift; path = PigeonData.swift; sourceTree = "<group>"; };
		C3E8D5B82565FD0500440448 /* PickupSettingsViewController.swift */ = {isa = PBXFileReference; lastKnownFileType = sourcecode.swift; path = PickupSettingsViewController.swift; sourceTree = "<group>"; };
		C3EB8E33257AB520009D7B24 /* UIButton+Shadow.swift */ = {isa = PBXFileReference; lastKnownFileType = sourcecode.swift; path = "UIButton+Shadow.swift"; sourceTree = "<group>"; };
		C3EB8E37257AE3A5009D7B24 /* UIView+Shadow+Radius.swift */ = {isa = PBXFileReference; lastKnownFileType = sourcecode.swift; path = "UIView+Shadow+Radius.swift"; sourceTree = "<group>"; };
		C3EB8E3D257AEE38009D7B24 /* CullCollectionViewController.swift */ = {isa = PBXFileReference; lastKnownFileType = sourcecode.swift; path = CullCollectionViewController.swift; sourceTree = "<group>"; };
		C3F18A782682C9B0003FDCD2 /* TransferCollectionViewCell.swift */ = {isa = PBXFileReference; lastKnownFileType = sourcecode.swift; path = TransferCollectionViewCell.swift; sourceTree = "<group>"; };
		C3F18A792682C9B0003FDCD2 /* TransferCollectionViewCell.xib */ = {isa = PBXFileReference; lastKnownFileType = file.xib; path = TransferCollectionViewCell.xib; sourceTree = "<group>"; };
		C3F18A7C2682DC4E003FDCD2 /* TransferHistoryViewController.swift */ = {isa = PBXFileReference; lastKnownFileType = sourcecode.swift; path = TransferHistoryViewController.swift; sourceTree = "<group>"; };
		C3F4DB9E2578B5ED00084F73 /* MoveViewController.swift */ = {isa = PBXFileReference; lastKnownFileType = sourcecode.swift; path = MoveViewController.swift; sourceTree = "<group>"; };
		C3F4DBA12578B5FA00084F73 /* CullViewController.swift */ = {isa = PBXFileReference; lastKnownFileType = sourcecode.swift; path = CullViewController.swift; sourceTree = "<group>"; };
		C3F4DBA725795E6300084F73 /* MoveCullTableViewController.swift */ = {isa = PBXFileReference; lastKnownFileType = sourcecode.swift; path = MoveCullTableViewController.swift; sourceTree = "<group>"; };
		C3F8091B268C10400035EB67 /* TransferViewController.swift */ = {isa = PBXFileReference; lastKnownFileType = sourcecode.swift; path = TransferViewController.swift; sourceTree = "<group>"; };
		F7B48BA7F5E79AE3F439B89D /* Pods_Squab_Pickup_Tracker.framework */ = {isa = PBXFileReference; explicitFileType = wrapper.framework; includeInIndex = 0; path = Pods_Squab_Pickup_Tracker.framework; sourceTree = BUILT_PRODUCTS_DIR; };
/* End PBXFileReference section */

/* Begin PBXFrameworksBuildPhase section */
		C3BE0EEF25577D61006A8FE1 /* Frameworks */ = {
			isa = PBXFrameworksBuildPhase;
			buildActionMask = 2147483647;
			files = (
				D422A58363482BD123A101D1 /* Pods_Squab_Pickup_Tracker.framework in Frameworks */,
			);
			runOnlyForDeploymentPostprocessing = 0;
		};
/* End PBXFrameworksBuildPhase section */

/* Begin PBXGroup section */
		393D13714B926ADCD7F0782F /* Frameworks */ = {
			isa = PBXGroup;
			children = (
				F7B48BA7F5E79AE3F439B89D /* Pods_Squab_Pickup_Tracker.framework */,
			);
			name = Frameworks;
			sourceTree = "<group>";
		};
		810FF941E97DEF8669364A81 /* Pods */ = {
			isa = PBXGroup;
			children = (
				57EDDA76CCC4E22241D2EDAE /* Pods-Squab-Pickup-Tracker.debug.xcconfig */,
				8ADFCED0502E15131B7B0AE5 /* Pods-Squab-Pickup-Tracker.release.xcconfig */,
			);
			path = Pods;
			sourceTree = "<group>";
		};
		C32207B9278D2506006FB08C /* Feed */ = {
			isa = PBXGroup;
			children = (
				C32207BA278D2542006FB08C /* FeedSessionViewController.swift */,
				C3736BBA28B17280000B34F2 /* FeedInputViewController.swift */,
			);
			path = Feed;
			sourceTree = "<group>";
		};
		C3559BD5266F0E57002F21A3 /* Settings */ = {
			isa = PBXGroup;
			children = (
				C3559BD8266F1205002F21A3 /* SettingsViewController.swift */,
				C338BF86290C5D79002AE807 /* PenOrderTableViewController.swift */,
				C338BF88290CDA68002AE807 /* PenOrderViewController.swift */,
			);
			path = Settings;
			sourceTree = "<group>";
		};
		C357BFF62579B07400CFE814 /* Cells */ = {
			isa = PBXGroup;
			children = (
				C3F18A782682C9B0003FDCD2 /* TransferCollectionViewCell.swift */,
				C3F18A792682C9B0003FDCD2 /* TransferCollectionViewCell.xib */,
				C3BE0F34255780B4006A8FE1 /* nestCell.swift */,
				C3A5BF992557BC8B0085D440 /* ContentsCell.swift */,
				C3E6563C255A648A0066E36C /* PenListCell.swift */,
				C3C2123E257B5A2400EBAFE6 /* CullCollectionViewCell.swift */,
				C37614E02909FC4200FBA272 /* FeedInputTableViewCell.swift */,
				C338BF82290BA248002AE807 /* SettingsToggleTableViewCell.swift */,
				C338BF84290BA4F0002AE807 /* SettingsTableViewCell.swift */,
			);
			path = Cells;
			sourceTree = "<group>";
		};
		C38AF1352679843E00DFBA6E /* Transfers */ = {
			isa = PBXGroup;
			children = (
				C38AF1332679841F00DFBA6E /* TransferSelectorViewController.swift */,
				C3F18A7C2682DC4E003FDCD2 /* TransferHistoryViewController.swift */,
				C3F8091B268C10400035EB67 /* TransferViewController.swift */,
			);
			path = Transfers;
			sourceTree = "<group>";
		};
		C3BE0EE925577D61006A8FE1 = {
			isa = PBXGroup;
			children = (
				C3BE0EF425577D61006A8FE1 /* Squab-Pickup-Tracker */,
				C3BE0EF325577D61006A8FE1 /* Products */,
				810FF941E97DEF8669364A81 /* Pods */,
				393D13714B926ADCD7F0782F /* Frameworks */,
			);
			sourceTree = "<group>";
		};
		C3BE0EF325577D61006A8FE1 /* Products */ = {
			isa = PBXGroup;
			children = (
				C3BE0EF225577D61006A8FE1 /* Squab-Pickup-Tracker.app */,
			);
			name = Products;
			sourceTree = "<group>";
		};
		C3BE0EF425577D61006A8FE1 /* Squab-Pickup-Tracker */ = {
			isa = PBXGroup;
			children = (
				C3BE0EF525577D61006A8FE1 /* AppDelegate.swift */,
				C3BE0EF725577D61006A8FE1 /* SceneDelegate.swift */,
				C3BE0F2B25577D83006A8FE1 /* Model */,
				C3BE0F2C25577DA1006A8FE1 /* View */,
				C3BE0F2D25577DA8006A8FE1 /* Controller */,
				C3EB8E32257AB4DF009D7B24 /* Extensions */,
				C3BE0EFE25577D61006A8FE1 /* Assets.xcassets */,
				C3BE0F0025577D61006A8FE1 /* LaunchScreen.storyboard */,
				C3BE0F0325577D61006A8FE1 /* Info.plist */,
				C3BE0F41255787B6006A8FE1 /* Constants.swift */,
				C304489A256EF85B00176E29 /* env.swift */,
			);
			path = "Squab-Pickup-Tracker";
			sourceTree = "<group>";
		};
		C3BE0F2B25577D83006A8FE1 /* Model */ = {
			isa = PBXGroup;
			children = (
				C32B3099256065D8000C9A46 /* DataModel.xcdatamodeld */,
				C3E8D5A92563A3FF00440448 /* PigeonDataManager.swift */,
				C348A31B267AD08300CE0990 /* TransferDataManager.swift */,
				C3B0591126938B6700832590 /* TransferData.swift */,
				C3E8D5AC2563A9B600440448 /* PigeonData.swift */,
				C338BF7E290B53AE002AE807 /* FeedDataManager.swift */,
				C338BF80290B5C90002AE807 /* FeedData.swift */,
			);
			path = Model;
			sourceTree = "<group>";
		};
		C3BE0F2C25577DA1006A8FE1 /* View */ = {
			isa = PBXGroup;
			children = (
				C3BE0EFB25577D61006A8FE1 /* Main.storyboard */,
				C32207B5278D23D6006FB08C /* Feed.storyboard */,
				C357BFF62579B07400CFE814 /* Cells */,
			);
			path = View;
			sourceTree = "<group>";
		};
		C3BE0F2D25577DA8006A8FE1 /* Controller */ = {
			isa = PBXGroup;
			children = (
				C3BE0EF925577D61006A8FE1 /* ViewController.swift */,
				C3F4DBA425795A9400084F73 /* Dashboard */,
				C3F4DB9D2578B5BF00084F73 /* Move-Cull */,
				C3F4DB9B2578B5AE00084F73 /* Pickup */,
				C3559BD5266F0E57002F21A3 /* Settings */,
				C38AF1352679843E00DFBA6E /* Transfers */,
				C32207B9278D2506006FB08C /* Feed */,
			);
			path = Controller;
			sourceTree = "<group>";
		};
		C3EB8E32257AB4DF009D7B24 /* Extensions */ = {
			isa = PBXGroup;
			children = (
				C3EB8E33257AB520009D7B24 /* UIButton+Shadow.swift */,
				C3EB8E37257AE3A5009D7B24 /* UIView+Shadow+Radius.swift */,
				C352CF0B257C6A7C000839E1 /* LineChartView+Formats.swift */,
				C3B059132693914B00832590 /* DateFormatter.swift */,
				C3B05937269549A600832590 /* LodingAlert.swift */,
			);
			path = Extensions;
			sourceTree = "<group>";
		};
		C3F4DB9B2578B5AE00084F73 /* Pickup */ = {
			isa = PBXGroup;
			children = (
				C3A2BD782560E3310084E66A /* PickupSessionViewController.swift */,
				C3044896256EE26200176E29 /* DatePickerViewController.swift */,
				C3BE0F3C2557836A006A8FE1 /* PickupPenViewController.swift */,
				C3BE0F4F25579338006A8FE1 /* SelectionViewController.swift */,
				C3E65639255A61CC0066E36C /* PenPopupViewController.swift */,
				C3E8D5B82565FD0500440448 /* PickupSettingsViewController.swift */,
			);
			path = Pickup;
			sourceTree = "<group>";
		};
		C3F4DB9D2578B5BF00084F73 /* Move-Cull */ = {
			isa = PBXGroup;
			children = (
				C3F4DB9E2578B5ED00084F73 /* MoveViewController.swift */,
				C3F4DBA12578B5FA00084F73 /* CullViewController.swift */,
				C3EB8E3D257AEE38009D7B24 /* CullCollectionViewController.swift */,
				C3F4DBA725795E6300084F73 /* MoveCullTableViewController.swift */,
			);
			path = "Move-Cull";
			sourceTree = "<group>";
		};
		C3F4DBA425795A9400084F73 /* Dashboard */ = {
			isa = PBXGroup;
			children = (
				C31298F8255CDC9C00B1F246 /* DashboardViewController.swift */,
			);
			path = Dashboard;
			sourceTree = "<group>";
		};
/* End PBXGroup section */

/* Begin PBXNativeTarget section */
		C3BE0EF125577D61006A8FE1 /* Squab-Pickup-Tracker */ = {
			isa = PBXNativeTarget;
			buildConfigurationList = C3BE0F1C25577D62006A8FE1 /* Build configuration list for PBXNativeTarget "Squab-Pickup-Tracker" */;
			buildPhases = (
				CA763FAAF26630EAE60BB9C9 /* [CP] Check Pods Manifest.lock */,
				C3BE0EEE25577D61006A8FE1 /* Sources */,
				C3BE0EEF25577D61006A8FE1 /* Frameworks */,
				C3BE0EF025577D61006A8FE1 /* Resources */,
				3668D9088B56992B3019A058 /* [CP] Embed Pods Frameworks */,
			);
			buildRules = (
			);
			dependencies = (
			);
			name = "Squab-Pickup-Tracker";
			productName = "Squab-Pickup-Tracker";
			productReference = C3BE0EF225577D61006A8FE1 /* Squab-Pickup-Tracker.app */;
			productType = "com.apple.product-type.application";
		};
/* End PBXNativeTarget section */

/* Begin PBXProject section */
		C3BE0EEA25577D61006A8FE1 /* Project object */ = {
			isa = PBXProject;
			attributes = {
				LastSwiftUpdateCheck = 1210;
				LastUpgradeCheck = 1210;
				TargetAttributes = {
					C3BE0EF125577D61006A8FE1 = {
						CreatedOnToolsVersion = 12.1;
					};
				};
			};
			buildConfigurationList = C3BE0EED25577D61006A8FE1 /* Build configuration list for PBXProject "Squab-Pickup-Tracker" */;
			compatibilityVersion = "Xcode 9.3";
			developmentRegion = en;
			hasScannedForEncodings = 0;
			knownRegions = (
				en,
				Base,
			);
			mainGroup = C3BE0EE925577D61006A8FE1;
			productRefGroup = C3BE0EF325577D61006A8FE1 /* Products */;
			projectDirPath = "";
			projectRoot = "";
			targets = (
				C3BE0EF125577D61006A8FE1 /* Squab-Pickup-Tracker */,
			);
		};
/* End PBXProject section */

/* Begin PBXResourcesBuildPhase section */
		C3BE0EF025577D61006A8FE1 /* Resources */ = {
			isa = PBXResourcesBuildPhase;
			buildActionMask = 2147483647;
			files = (
				C32207B6278D23D6006FB08C /* Feed.storyboard in Resources */,
				C3BE0F0225577D61006A8FE1 /* LaunchScreen.storyboard in Resources */,
				C3BE0EFF25577D61006A8FE1 /* Assets.xcassets in Resources */,
				C3BE0EFD25577D61006A8FE1 /* Main.storyboard in Resources */,
				C3F18A7B2682C9B0003FDCD2 /* TransferCollectionViewCell.xib in Resources */,
			);
			runOnlyForDeploymentPostprocessing = 0;
		};
/* End PBXResourcesBuildPhase section */

/* Begin PBXShellScriptBuildPhase section */
		3668D9088B56992B3019A058 /* [CP] Embed Pods Frameworks */ = {
			isa = PBXShellScriptBuildPhase;
			buildActionMask = 2147483647;
			files = (
			);
			inputFileListPaths = (
				"${PODS_ROOT}/Target Support Files/Pods-Squab-Pickup-Tracker/Pods-Squab-Pickup-Tracker-frameworks-${CONFIGURATION}-input-files.xcfilelist",
			);
			name = "[CP] Embed Pods Frameworks";
			outputFileListPaths = (
				"${PODS_ROOT}/Target Support Files/Pods-Squab-Pickup-Tracker/Pods-Squab-Pickup-Tracker-frameworks-${CONFIGURATION}-output-files.xcfilelist",
			);
			runOnlyForDeploymentPostprocessing = 0;
			shellPath = /bin/sh;
			shellScript = "\"${PODS_ROOT}/Target Support Files/Pods-Squab-Pickup-Tracker/Pods-Squab-Pickup-Tracker-frameworks.sh\"\n";
			showEnvVarsInLog = 0;
		};
		CA763FAAF26630EAE60BB9C9 /* [CP] Check Pods Manifest.lock */ = {
			isa = PBXShellScriptBuildPhase;
			buildActionMask = 2147483647;
			files = (
			);
			inputFileListPaths = (
			);
			inputPaths = (
				"${PODS_PODFILE_DIR_PATH}/Podfile.lock",
				"${PODS_ROOT}/Manifest.lock",
			);
			name = "[CP] Check Pods Manifest.lock";
			outputFileListPaths = (
			);
			outputPaths = (
				"$(DERIVED_FILE_DIR)/Pods-Squab-Pickup-Tracker-checkManifestLockResult.txt",
			);
			runOnlyForDeploymentPostprocessing = 0;
			shellPath = /bin/sh;
			shellScript = "diff \"${PODS_PODFILE_DIR_PATH}/Podfile.lock\" \"${PODS_ROOT}/Manifest.lock\" > /dev/null\nif [ $? != 0 ] ; then\n    # print error to STDERR\n    echo \"error: The sandbox is not in sync with the Podfile.lock. Run 'pod install' or update your CocoaPods installation.\" >&2\n    exit 1\nfi\n# This output is used by Xcode 'outputs' to avoid re-running this script phase.\necho \"SUCCESS\" > \"${SCRIPT_OUTPUT_FILE_0}\"\n";
			showEnvVarsInLog = 0;
		};
/* End PBXShellScriptBuildPhase section */

/* Begin PBXSourcesBuildPhase section */
		C3BE0EEE25577D61006A8FE1 /* Sources */ = {
			isa = PBXSourcesBuildPhase;
			buildActionMask = 2147483647;
			files = (
				C3BE0F3D2557836A006A8FE1 /* PickupPenViewController.swift in Sources */,
				C3F4DB9F2578B5ED00084F73 /* MoveViewController.swift in Sources */,
				C352CF0C257C6A7C000839E1 /* LineChartView+Formats.swift in Sources */,
				C3A2BD792560E3310084E66A /* PickupSessionViewController.swift in Sources */,
				C3EB8E34257AB520009D7B24 /* UIButton+Shadow.swift in Sources */,
				C32207BB278D2542006FB08C /* FeedSessionViewController.swift in Sources */,
				C348A31C267AD08300CE0990 /* TransferDataManager.swift in Sources */,
				C31298F9255CDC9C00B1F246 /* DashboardViewController.swift in Sources */,
				C3E8D5AA2563A3FF00440448 /* PigeonDataManager.swift in Sources */,
				C3BE0F42255787B6006A8FE1 /* Constants.swift in Sources */,
				C37614E12909FC4200FBA272 /* FeedInputTableViewCell.swift in Sources */,
				C3F18A7D2682DC4E003FDCD2 /* TransferHistoryViewController.swift in Sources */,
				C304489B256EF85B00176E29 /* env.swift in Sources */,
				C338BF83290BA248002AE807 /* SettingsToggleTableViewCell.swift in Sources */,
				C3A5BF9A2557BC8B0085D440 /* ContentsCell.swift in Sources */,
				C3BE0EFA25577D61006A8FE1 /* ViewController.swift in Sources */,
				C3E8D5AD2563A9B600440448 /* PigeonData.swift in Sources */,
				C3E6563A255A61CC0066E36C /* PenPopupViewController.swift in Sources */,
				C3C2123F257B5A2400EBAFE6 /* CullCollectionViewCell.swift in Sources */,
				C3F4DBA825795E6300084F73 /* MoveCullTableViewController.swift in Sources */,
				C338BF87290C5D79002AE807 /* PenOrderTableViewController.swift in Sources */,
				C32B309B256065D8000C9A46 /* DataModel.xcdatamodeld in Sources */,
				C3EB8E3E257AEE38009D7B24 /* CullCollectionViewController.swift in Sources */,
				C3F18A7A2682C9B0003FDCD2 /* TransferCollectionViewCell.swift in Sources */,
				C3BE0EF625577D61006A8FE1 /* AppDelegate.swift in Sources */,
				C3BE0F35255780B4006A8FE1 /* nestCell.swift in Sources */,
				C38AF1342679841F00DFBA6E /* TransferSelectorViewController.swift in Sources */,
				C3F4DBA22578B5FA00084F73 /* CullViewController.swift in Sources */,
				C3B059142693914B00832590 /* DateFormatter.swift in Sources */,
				C338BF89290CDA68002AE807 /* PenOrderViewController.swift in Sources */,
				C3B0591226938B6700832590 /* TransferData.swift in Sources */,
				C3044897256EE26200176E29 /* DatePickerViewController.swift in Sources */,
				C3E6563D255A648A0066E36C /* PenListCell.swift in Sources */,
				C3E8D5B92565FD0500440448 /* PickupSettingsViewController.swift in Sources */,
				C338BF85290BA4F0002AE807 /* SettingsTableViewCell.swift in Sources */,
				C338BF81290B5C90002AE807 /* FeedData.swift in Sources */,
				C3F8091C268C10400035EB67 /* TransferViewController.swift in Sources */,
				C3BE0EF825577D61006A8FE1 /* SceneDelegate.swift in Sources */,
				C3BE0F5025579338006A8FE1 /* SelectionViewController.swift in Sources */,
				C3B05938269549A600832590 /* LodingAlert.swift in Sources */,
				C3EB8E38257AE3A5009D7B24 /* UIView+Shadow+Radius.swift in Sources */,
				C3559BD9266F1205002F21A3 /* SettingsViewController.swift in Sources */,
				C338BF7F290B53AE002AE807 /* FeedDataManager.swift in Sources */,
				C3736BBB28B17280000B34F2 /* FeedInputViewController.swift in Sources */,
			);
			runOnlyForDeploymentPostprocessing = 0;
		};
/* End PBXSourcesBuildPhase section */

/* Begin PBXVariantGroup section */
		C3BE0EFB25577D61006A8FE1 /* Main.storyboard */ = {
			isa = PBXVariantGroup;
			children = (
				C3BE0EFC25577D61006A8FE1 /* Base */,
			);
			name = Main.storyboard;
			sourceTree = "<group>";
		};
		C3BE0F0025577D61006A8FE1 /* LaunchScreen.storyboard */ = {
			isa = PBXVariantGroup;
			children = (
				C3BE0F0125577D61006A8FE1 /* Base */,
			);
			name = LaunchScreen.storyboard;
			sourceTree = "<group>";
		};
/* End PBXVariantGroup section */

/* Begin XCBuildConfiguration section */
		C3BE0F1A25577D62006A8FE1 /* Debug */ = {
			isa = XCBuildConfiguration;
			buildSettings = {
				ALWAYS_SEARCH_USER_PATHS = NO;
				CLANG_ANALYZER_NONNULL = YES;
				CLANG_ANALYZER_NUMBER_OBJECT_CONVERSION = YES_AGGRESSIVE;
				CLANG_CXX_LANGUAGE_STANDARD = "gnu++14";
				CLANG_CXX_LIBRARY = "libc++";
				CLANG_ENABLE_MODULES = YES;
				CLANG_ENABLE_OBJC_ARC = YES;
				CLANG_ENABLE_OBJC_WEAK = YES;
				CLANG_WARN_BLOCK_CAPTURE_AUTORELEASING = YES;
				CLANG_WARN_BOOL_CONVERSION = YES;
				CLANG_WARN_COMMA = YES;
				CLANG_WARN_CONSTANT_CONVERSION = YES;
				CLANG_WARN_DEPRECATED_OBJC_IMPLEMENTATIONS = YES;
				CLANG_WARN_DIRECT_OBJC_ISA_USAGE = YES_ERROR;
				CLANG_WARN_DOCUMENTATION_COMMENTS = YES;
				CLANG_WARN_EMPTY_BODY = YES;
				CLANG_WARN_ENUM_CONVERSION = YES;
				CLANG_WARN_INFINITE_RECURSION = YES;
				CLANG_WARN_INT_CONVERSION = YES;
				CLANG_WARN_NON_LITERAL_NULL_CONVERSION = YES;
				CLANG_WARN_OBJC_IMPLICIT_RETAIN_SELF = YES;
				CLANG_WARN_OBJC_LITERAL_CONVERSION = YES;
				CLANG_WARN_OBJC_ROOT_CLASS = YES_ERROR;
				CLANG_WARN_QUOTED_INCLUDE_IN_FRAMEWORK_HEADER = YES;
				CLANG_WARN_RANGE_LOOP_ANALYSIS = YES;
				CLANG_WARN_STRICT_PROTOTYPES = YES;
				CLANG_WARN_SUSPICIOUS_MOVE = YES;
				CLANG_WARN_UNGUARDED_AVAILABILITY = YES_AGGRESSIVE;
				CLANG_WARN_UNREACHABLE_CODE = YES;
				CLANG_WARN__DUPLICATE_METHOD_MATCH = YES;
				COPY_PHASE_STRIP = NO;
				DEBUG_INFORMATION_FORMAT = dwarf;
				ENABLE_STRICT_OBJC_MSGSEND = YES;
				ENABLE_TESTABILITY = YES;
				GCC_C_LANGUAGE_STANDARD = gnu11;
				GCC_DYNAMIC_NO_PIC = NO;
				GCC_NO_COMMON_BLOCKS = YES;
				GCC_OPTIMIZATION_LEVEL = 0;
				GCC_PREPROCESSOR_DEFINITIONS = (
					"DEBUG=1",
					"$(inherited)",
				);
				GCC_WARN_64_TO_32_BIT_CONVERSION = YES;
				GCC_WARN_ABOUT_RETURN_TYPE = YES_ERROR;
				GCC_WARN_UNDECLARED_SELECTOR = YES;
				GCC_WARN_UNINITIALIZED_AUTOS = YES_AGGRESSIVE;
				GCC_WARN_UNUSED_FUNCTION = YES;
				GCC_WARN_UNUSED_VARIABLE = YES;
				IPHONEOS_DEPLOYMENT_TARGET = 14.5;
				MTL_ENABLE_DEBUG_INFO = INCLUDE_SOURCE;
				MTL_FAST_MATH = YES;
				ONLY_ACTIVE_ARCH = YES;
				SDKROOT = iphoneos;
				SWIFT_ACTIVE_COMPILATION_CONDITIONS = DEBUG;
				SWIFT_OPTIMIZATION_LEVEL = "-Onone";
			};
			name = Debug;
		};
		C3BE0F1B25577D62006A8FE1 /* Release */ = {
			isa = XCBuildConfiguration;
			buildSettings = {
				ALWAYS_SEARCH_USER_PATHS = NO;
				CLANG_ANALYZER_NONNULL = YES;
				CLANG_ANALYZER_NUMBER_OBJECT_CONVERSION = YES_AGGRESSIVE;
				CLANG_CXX_LANGUAGE_STANDARD = "gnu++14";
				CLANG_CXX_LIBRARY = "libc++";
				CLANG_ENABLE_MODULES = YES;
				CLANG_ENABLE_OBJC_ARC = YES;
				CLANG_ENABLE_OBJC_WEAK = YES;
				CLANG_WARN_BLOCK_CAPTURE_AUTORELEASING = YES;
				CLANG_WARN_BOOL_CONVERSION = YES;
				CLANG_WARN_COMMA = YES;
				CLANG_WARN_CONSTANT_CONVERSION = YES;
				CLANG_WARN_DEPRECATED_OBJC_IMPLEMENTATIONS = YES;
				CLANG_WARN_DIRECT_OBJC_ISA_USAGE = YES_ERROR;
				CLANG_WARN_DOCUMENTATION_COMMENTS = YES;
				CLANG_WARN_EMPTY_BODY = YES;
				CLANG_WARN_ENUM_CONVERSION = YES;
				CLANG_WARN_INFINITE_RECURSION = YES;
				CLANG_WARN_INT_CONVERSION = YES;
				CLANG_WARN_NON_LITERAL_NULL_CONVERSION = YES;
				CLANG_WARN_OBJC_IMPLICIT_RETAIN_SELF = YES;
				CLANG_WARN_OBJC_LITERAL_CONVERSION = YES;
				CLANG_WARN_OBJC_ROOT_CLASS = YES_ERROR;
				CLANG_WARN_QUOTED_INCLUDE_IN_FRAMEWORK_HEADER = YES;
				CLANG_WARN_RANGE_LOOP_ANALYSIS = YES;
				CLANG_WARN_STRICT_PROTOTYPES = YES;
				CLANG_WARN_SUSPICIOUS_MOVE = YES;
				CLANG_WARN_UNGUARDED_AVAILABILITY = YES_AGGRESSIVE;
				CLANG_WARN_UNREACHABLE_CODE = YES;
				CLANG_WARN__DUPLICATE_METHOD_MATCH = YES;
				COPY_PHASE_STRIP = NO;
				DEBUG_INFORMATION_FORMAT = "dwarf-with-dsym";
				ENABLE_NS_ASSERTIONS = NO;
				ENABLE_STRICT_OBJC_MSGSEND = YES;
				GCC_C_LANGUAGE_STANDARD = gnu11;
				GCC_NO_COMMON_BLOCKS = YES;
				GCC_WARN_64_TO_32_BIT_CONVERSION = YES;
				GCC_WARN_ABOUT_RETURN_TYPE = YES_ERROR;
				GCC_WARN_UNDECLARED_SELECTOR = YES;
				GCC_WARN_UNINITIALIZED_AUTOS = YES_AGGRESSIVE;
				GCC_WARN_UNUSED_FUNCTION = YES;
				GCC_WARN_UNUSED_VARIABLE = YES;
				IPHONEOS_DEPLOYMENT_TARGET = 14.5;
				MTL_ENABLE_DEBUG_INFO = NO;
				MTL_FAST_MATH = YES;
				SDKROOT = iphoneos;
				SWIFT_COMPILATION_MODE = wholemodule;
				SWIFT_OPTIMIZATION_LEVEL = "-O";
				VALIDATE_PRODUCT = YES;
			};
			name = Release;
		};
		C3BE0F1D25577D62006A8FE1 /* Debug */ = {
			isa = XCBuildConfiguration;
			baseConfigurationReference = 57EDDA76CCC4E22241D2EDAE /* Pods-Squab-Pickup-Tracker.debug.xcconfig */;
			buildSettings = {
				ASSETCATALOG_COMPILER_APPICON_NAME = AppIcon;
				ASSETCATALOG_COMPILER_GLOBAL_ACCENT_COLOR_NAME = AccentColor;
				CODE_SIGN_IDENTITY = "Apple Development";
				CODE_SIGN_STYLE = Automatic;
				DEVELOPMENT_TEAM = 46BJFDCKMQ;
				INFOPLIST_FILE = "Squab-Pickup-Tracker/Info.plist";
				IPHONEOS_DEPLOYMENT_TARGET = 14.0;
				LD_RUNPATH_SEARCH_PATHS = (
					"$(inherited)",
					"@executable_path/Frameworks",
				);
				PRODUCT_BUNDLE_IDENTIFIER = "com.codercody.Squab-Pickup-Tracker";
				PRODUCT_NAME = "$(TARGET_NAME)";
				PROVISIONING_PROFILE_SPECIFIER = "";
				SWIFT_VERSION = 5.0;
				TARGETED_DEVICE_FAMILY = "1,2";
			};
			name = Debug;
		};
		C3BE0F1E25577D62006A8FE1 /* Release */ = {
			isa = XCBuildConfiguration;
			baseConfigurationReference = 8ADFCED0502E15131B7B0AE5 /* Pods-Squab-Pickup-Tracker.release.xcconfig */;
			buildSettings = {
				ASSETCATALOG_COMPILER_APPICON_NAME = AppIcon;
				ASSETCATALOG_COMPILER_GLOBAL_ACCENT_COLOR_NAME = AccentColor;
				CODE_SIGN_IDENTITY = "Apple Development";
				CODE_SIGN_STYLE = Automatic;
				DEVELOPMENT_TEAM = 46BJFDCKMQ;
				INFOPLIST_FILE = "Squab-Pickup-Tracker/Info.plist";
				IPHONEOS_DEPLOYMENT_TARGET = 14.0;
				LD_RUNPATH_SEARCH_PATHS = (
					"$(inherited)",
					"@executable_path/Frameworks",
				);
				PRODUCT_BUNDLE_IDENTIFIER = "com.codercody.Squab-Pickup-Tracker";
				PRODUCT_NAME = "$(TARGET_NAME)";
				PROVISIONING_PROFILE_SPECIFIER = "";
				SWIFT_VERSION = 5.0;
				TARGETED_DEVICE_FAMILY = "1,2";
			};
			name = Release;
		};
/* End XCBuildConfiguration section */

/* Begin XCConfigurationList section */
		C3BE0EED25577D61006A8FE1 /* Build configuration list for PBXProject "Squab-Pickup-Tracker" */ = {
			isa = XCConfigurationList;
			buildConfigurations = (
				C3BE0F1A25577D62006A8FE1 /* Debug */,
				C3BE0F1B25577D62006A8FE1 /* Release */,
			);
			defaultConfigurationIsVisible = 0;
			defaultConfigurationName = Release;
		};
		C3BE0F1C25577D62006A8FE1 /* Build configuration list for PBXNativeTarget "Squab-Pickup-Tracker" */ = {
			isa = XCConfigurationList;
			buildConfigurations = (
				C3BE0F1D25577D62006A8FE1 /* Debug */,
				C3BE0F1E25577D62006A8FE1 /* Release */,
			);
			defaultConfigurationIsVisible = 0;
			defaultConfigurationName = Release;
		};
/* End XCConfigurationList section */

/* Begin XCVersionGroup section */
		C32B3099256065D8000C9A46 /* DataModel.xcdatamodeld */ = {
			isa = XCVersionGroup;
			children = (
				C32B309A256065D8000C9A46 /* Data.xcdatamodel */,
			);
			currentVersion = C32B309A256065D8000C9A46 /* Data.xcdatamodel */;
			path = DataModel.xcdatamodeld;
			sourceTree = "<group>";
			versionGroupType = wrapper.xcdatamodel;
		};
/* End XCVersionGroup section */
	};
	rootObject = C3BE0EEA25577D61006A8FE1 /* Project object */;
}
